
Microsoft Visual Studio Solution File, Format Version 12.00
# Visual Studio Version 16
VisualStudioVersion = 16.0.30717.126
MinimumVisualStudioVersion = 10.0.40219.1
Project("{FAE04EC0-301F-11D3-BF4B-00C04F79EFBC}") = "Online-Clinic", "Online-Clinic\Online-Clinic.csproj", "{AA5138C3-52F8-4997-A193-50F219C9DE68}"
EndProject
Global
	GlobalSection(SolutionConfigurationPlatforms) = preSolution
		Debug|Any CPU = Debug|Any CPU
		Release|Any CPU = Release|Any CPU
	EndGlobalSection
	GlobalSection(ProjectConfigurationPlatforms) = postSolution
		{AA5138C3-52F8-4997-A193-50F219C9DE68}.Debug|Any CPU.ActiveCfg = Debug|Any CPU
		{AA5138C3-52F8-4997-A193-50F219C9DE68}.Debug|Any CPU.Build.0 = Debug|Any CPU
		{AA5138C3-52F8-4997-A193-50F219C9DE68}.Release|Any CPU.ActiveCfg = Release|Any CPU
		{AA5138C3-52F8-4997-A193-50F219C9DE68}.Release|Any CPU.Build.0 = Release|Any CPU
	EndGlobalSection
	GlobalSection(SolutionProperties) = preSolution
		HideSolutionNode = FALSE
	EndGlobalSection
	GlobalSection(ExtensibilityGlobals) = postSolution
		SolutionGuid = {92ABA079-E59F-40F6-8703-907CBACB9453}
	EndGlobalSection
EndGlobal
